{
  "name": "highlights-scraper",
  "version": "0.0.10",
  "lockfileVersion": 1,
  "requires": true,
  "dependencies": {
    "@sindresorhus/is": {
      "version": "0.7.0",
      "resolved": "https://registry.npmjs.org/@sindresorhus/is/-/is-0.7.0.tgz",
      "integrity": "sha512-ONhaKPIufzzrlNbqtWFFd+jlnemX6lJAgq9ZeiZtS7I1PIf/la7CW4m83rTXRnVnsMbW2k56pGYu7AUFJD9Pow=="
    },
    "@types/core-js": {
      "version": "0.9.46",
      "resolved": "https://registry.npmjs.org/@types/core-js/-/core-js-0.9.46.tgz",
      "integrity": "sha512-LooLR6XHes9V+kNYRz1Qm8w3atw9QMn7XeZUmIpUelllF9BdryeUKd/u0Wh5ErcjpWfG39NrToU9MF7ngsTFVw=="
    },
    "@types/mkdirp": {
      "version": "0.3.29",
      "resolved": "https://registry.npmjs.org/@types/mkdirp/-/mkdirp-0.3.29.tgz",
      "integrity": "sha1-fyrX7FX5FEgvybHsS7GuYCjUYGY="
    },
    "@types/node": {
      "version": "9.6.2",
      "resolved": "https://registry.npmjs.org/@types/node/-/node-9.6.2.tgz",
      "integrity": "sha512-UWkRY9X7RQHp5OhhRIIka58/gVVycL1zHZu0OTsT5LI86ABaMOSbUjAl+b0FeDhQcxclrkyft3kW5QWdMRs8wQ=="
    },
    "@types/rimraf": {
      "version": "0.0.28",
      "resolved": "https://registry.npmjs.org/@types/rimraf/-/rimraf-0.0.28.tgz",
      "integrity": "sha1-VWJRm8eWPKyoq/fxKMrjtZTUHQY="
    },
    "async-limiter": {
      "version": "1.0.0",
      "resolved": "https://registry.npmjs.org/async-limiter/-/async-limiter-1.0.0.tgz",
      "integrity": "sha512-jp/uFnooOiO+L211eZOoSyzpOITMXx1rBITauYykG3BRYPu8h0UcxsPNB04RR5vo4Tyz3+ay17tR6JVf9qzYWg=="
    },
    "asynckit": {
      "version": "0.4.0",
      "resolved": "https://registry.npmjs.org/asynckit/-/asynckit-0.4.0.tgz",
      "integrity": "sha1-x57Zf380y48robyXkLzDZkdLS3k="
    },
    "aws-sdk": {
      "version": "2.222.1",
      "resolved": "https://registry.npmjs.org/aws-sdk/-/aws-sdk-2.222.1.tgz",
      "integrity": "sha1-2Ew0ADu4gtH+wXxBx0y4F72oSRQ=",
      "requires": {
        "buffer": "4.9.1",
        "events": "1.1.1",
        "ieee754": "1.1.8",
        "jmespath": "0.15.0",
        "querystring": "0.2.0",
        "sax": "1.2.1",
        "url": "0.10.3",
        "uuid": "3.1.0",
        "xml2js": "0.4.17",
        "xmlbuilder": "4.2.1"
      },
      "dependencies": {
        "sax": {
          "version": "1.2.1",
          "resolved": "https://registry.npmjs.org/sax/-/sax-1.2.1.tgz",
          "integrity": "sha1-e45lYZCyKOgaZq6nSEgNgozS03o="
        },
        "uuid": {
          "version": "3.1.0",
          "resolved": "https://registry.npmjs.org/uuid/-/uuid-3.1.0.tgz",
          "integrity": "sha512-DIWtzUkw04M4k3bf1IcpS2tngXEL26YUD2M0tMDUpnUrz2hgzUBlD55a4FjdLGPvfHxS6uluGWvaVEqgBcVa+g=="
        },
        "xml2js": {
          "version": "0.4.17",
          "resolved": "https://registry.npmjs.org/xml2js/-/xml2js-0.4.17.tgz",
          "integrity": "sha1-F76T6q4/O3eTWceVtBlwWogX6Gg=",
          "requires": {
            "sax": "1.2.1",
            "xmlbuilder": "4.2.1"
          }
        },
        "xmlbuilder": {
          "version": "4.2.1",
          "resolved": "https://registry.npmjs.org/xmlbuilder/-/xmlbuilder-4.2.1.tgz",
          "integrity": "sha1-qlijBBoGb5DqoWwvU4n/GfP0YaU=",
          "requires": {
            "lodash": "4.17.5"
          }
        }
      }
    },
    "balanced-match": {
      "version": "1.0.0",
      "resolved": "https://registry.npmjs.org/balanced-match/-/balanced-match-1.0.0.tgz",
      "integrity": "sha1-ibTRmasr7kneFk6gK4nORi1xt2c="
    },
    "base64-js": {
      "version": "1.2.3",
      "resolved": "https://registry.npmjs.org/base64-js/-/base64-js-1.2.3.tgz",
      "integrity": "sha512-MsAhsUW1GxCdgYSO6tAfZrNapmUKk7mWx/k5mFY/A1gBtkaCaNapTg+FExCw1r9yeaZhqx/xPg43xgTFH6KL5w=="
    },
    "bl": {
      "version": "1.2.2",
      "resolved": "https://registry.npmjs.org/bl/-/bl-1.2.2.tgz",
      "integrity": "sha512-e8tQYnZodmebYDWGH7KMRvtzKXaJHx3BbilrgZCfvyLUYdKpK1t5PSPmpkny/SgiTSCnjfLW7v5rlONXVFkQEA==",
      "requires": {
        "readable-stream": "2.3.6",
        "safe-buffer": "5.1.1"
      }
    },
    "bluebird": {
      "version": "3.5.1",
      "resolved": "https://registry.npmjs.org/bluebird/-/bluebird-3.5.1.tgz",
      "integrity": "sha512-MKiLiV+I1AA596t9w1sQJ8jkiSr5+ZKi0WKrYGUn6d1Fx+Ij4tIj+m2WMQSGczs5jZVxV339chE8iwk6F64wjA=="
    },
    "brace-expansion": {
      "version": "1.1.11",
      "resolved": "https://registry.npmjs.org/brace-expansion/-/brace-expansion-1.1.11.tgz",
      "integrity": "sha512-iCuPHDFgrHX7H2vEI/5xpz07zSHB00TpugqhmYtVmMO6518mCuRMoOYFldEBl0g187ufozdaHgWKcYFb61qGiA==",
      "requires": {
        "balanced-match": "1.0.0",
        "concat-map": "0.0.1"
      }
    },
    "buffer": {
      "version": "4.9.1",
      "resolved": "https://registry.npmjs.org/buffer/-/buffer-4.9.1.tgz",
      "integrity": "sha1-bRu2AbB6TvztlwlBMgkwJ8lbwpg=",
      "requires": {
        "base64-js": "1.2.3",
        "ieee754": "1.1.8",
        "isarray": "1.0.0"
      }
    },
    "buffer-from": {
      "version": "1.0.0",
      "resolved": "https://registry.npmjs.org/buffer-from/-/buffer-from-1.0.0.tgz",
      "integrity": "sha512-83apNb8KK0Se60UE1+4Ukbe3HbfELJ6UlI4ldtOGs7So4KD26orJM8hIY9lxdzP+UpItH1Yh/Y8GUvNFWFFRxA=="
    },
    "cacheable-request": {
      "version": "2.1.4",
      "resolved": "https://registry.npmjs.org/cacheable-request/-/cacheable-request-2.1.4.tgz",
      "integrity": "sha1-DYCIAbY0KtM8kd+dC0TcCbkeXD0=",
      "requires": {
        "clone-response": "1.0.2",
        "get-stream": "3.0.0",
        "http-cache-semantics": "3.8.1",
        "keyv": "3.0.0",
        "lowercase-keys": "1.0.0",
        "normalize-url": "2.0.1",
        "responselike": "1.0.2"
      },
      "dependencies": {
        "lowercase-keys": {
          "version": "1.0.0",
          "resolved": "https://registry.npmjs.org/lowercase-keys/-/lowercase-keys-1.0.0.tgz",
          "integrity": "sha1-TjNms55/VFfjXxMkvfb4jQv8cwY="
        }
      }
    },
    "callback-stream": {
      "version": "1.1.0",
      "resolved": "https://registry.npmjs.org/callback-stream/-/callback-stream-1.1.0.tgz",
      "integrity": "sha1-RwGlEmbwbgbqpx/BcjOCLYdfSQg=",
      "requires": {
        "inherits": "2.0.3",
        "readable-stream": "2.3.6"
      }
    },
    "chrome-launcher": {
      "version": "0.10.2",
      "resolved": "https://registry.npmjs.org/chrome-launcher/-/chrome-launcher-0.10.2.tgz",
      "integrity": "sha512-E+kTHlGgtitPPu8Rci0E4XBasirKtTn6DjqFn8tTLp/7xCUzqb6lig9Il+HLkcudzKvT/aLxJbzbyNCe03w1AA==",
      "requires": {
        "@types/core-js": "0.9.46",
        "@types/mkdirp": "0.3.29",
        "@types/node": "9.6.2",
        "@types/rimraf": "0.0.28",
        "is-wsl": "1.1.0",
        "lighthouse-logger": "1.0.1",
        "mkdirp": "0.5.1",
        "rimraf": "2.6.2"
      }
    },
    "chrome-remote-interface": {
      "version": "0.25.5",
      "resolved": "https://registry.npmjs.org/chrome-remote-interface/-/chrome-remote-interface-0.25.5.tgz",
      "integrity": "sha512-JACehSDwNwanDgWIO1Nvji9Td4KyCUUbQze10dNb8DAG72LmqH3uz7vdgujFKjmax8Q6yu1Xwapb8GODZykTDQ==",
      "requires": {
        "commander": "2.11.0",
        "ws": "3.3.3"
      }
    },
    "chromeless": {
      "version": "1.5.1",
      "resolved": "https://registry.npmjs.org/chromeless/-/chromeless-1.5.1.tgz",
      "integrity": "sha512-m8GY1BiLdv0mte3nxSqlYdkDaGT5i8gbBW/flrvEPJC/ZQN9V/TDkyXNbYlNXjSEpitX46vEIGon3xqcmPNi+g==",
      "requires": {
        "aws-sdk": "2.222.1",
        "bluebird": "3.5.1",
        "chrome-launcher": "0.10.2",
        "chrome-remote-interface": "0.25.5",
        "cuid": "2.1.1",
        "form-data": "2.3.2",
        "got": "8.3.0",
        "mqtt": "2.17.0"
      }
    },
    "clone-response": {
      "version": "1.0.2",
      "resolved": "https://registry.npmjs.org/clone-response/-/clone-response-1.0.2.tgz",
      "integrity": "sha1-0dyXOSAxTfZ/vrlCI7TuNQI56Ws=",
      "requires": {
        "mimic-response": "1.0.0"
      }
    },
    "combined-stream": {
      "version": "1.0.6",
      "resolved": "https://registry.npmjs.org/combined-stream/-/combined-stream-1.0.6.tgz",
      "integrity": "sha1-cj599ugBrFYTETp+RFqbactjKBg=",
      "requires": {
        "delayed-stream": "1.0.0"
      }
    },
    "commander": {
      "version": "2.11.0",
      "resolved": "https://registry.npmjs.org/commander/-/commander-2.11.0.tgz",
      "integrity": "sha512-b0553uYA5YAEGgyYIGYROzKQ7X5RAqedkfjiZxwi0kL1g3bOaBNNZfYkzt/CL0umgD5wc9Jec2FbB98CjkMRvQ=="
    },
    "commist": {
      "version": "1.0.0",
      "resolved": "https://registry.npmjs.org/commist/-/commist-1.0.0.tgz",
      "integrity": "sha1-wMNSUBz29S6RJOPvicmAbiAi6+8=",
      "requires": {
        "leven": "1.0.2",
        "minimist": "1.2.0"
      },
      "dependencies": {
        "minimist": {
          "version": "1.2.0",
          "resolved": "https://registry.npmjs.org/minimist/-/minimist-1.2.0.tgz",
          "integrity": "sha1-o1AIsg9BOD7sH7kU9M1d95omQoQ="
        }
      }
    },
    "concat-map": {
      "version": "0.0.1",
      "resolved": "https://registry.npmjs.org/concat-map/-/concat-map-0.0.1.tgz",
      "integrity": "sha1-2Klr13/Wjfd5OnMDajug1UBdR3s="
    },
    "core-util-is": {
      "version": "1.0.2",
      "resolved": "https://registry.npmjs.org/core-util-is/-/core-util-is-1.0.2.tgz",
      "integrity": "sha1-tf1UIgqivFq1eqtxQMlAdUUDwac="
    },
    "cuid": {
      "version": "2.1.1",
      "resolved": "https://registry.npmjs.org/cuid/-/cuid-2.1.1.tgz",
      "integrity": "sha512-rF0ShwHPLQi5X1aNbQUw3IsCTtA+a0FeZsmmfJsHZxuOBgBk4BAGDDb55K+GCQSzqrSDZH0vQ7OIs38DfDlkqA=="
    },
    "debug": {
      "version": "2.6.9",
      "resolved": "https://registry.npmjs.org/debug/-/debug-2.6.9.tgz",
      "integrity": "sha512-bC7ElrdJaJnPbAP+1EotYvqZsb3ecl5wi6Bfi6BJTUcNowp6cvspg0jXznRTKDjm/E7AdgFBVeAPVMNcKGsHMA==",
      "requires": {
        "ms": "2.0.0"
      }
    },
    "decode-uri-component": {
      "version": "0.2.0",
      "resolved": "https://registry.npmjs.org/decode-uri-component/-/decode-uri-component-0.2.0.tgz",
      "integrity": "sha1-6zkTMzRYd1y4TNGh+uBiEGu4dUU="
    },
    "decompress-response": {
      "version": "3.3.0",
      "resolved": "https://registry.npmjs.org/decompress-response/-/decompress-response-3.3.0.tgz",
      "integrity": "sha1-gKTdMjdIOEv6JICDYirt7Jgq3/M=",
      "requires": {
        "mimic-response": "1.0.0"
      }
    },
    "delayed-stream": {
      "version": "1.0.0",
      "resolved": "https://registry.npmjs.org/delayed-stream/-/delayed-stream-1.0.0.tgz",
      "integrity": "sha1-3zrhmayt+31ECqrgsp4icrJOxhk="
    },
    "duplexer3": {
      "version": "0.1.4",
      "resolved": "https://registry.npmjs.org/duplexer3/-/duplexer3-0.1.4.tgz",
      "integrity": "sha1-7gHdHKwO08vH/b6jfcCo8c4ALOI="
    },
    "duplexify": {
      "version": "3.5.4",
      "resolved": "https://registry.npmjs.org/duplexify/-/duplexify-3.5.4.tgz",
      "integrity": "sha512-JzYSLYMhoVVBe8+mbHQ4KgpvHpm0DZpJuL8PY93Vyv1fW7jYJ90LoXa1di/CVbJM+TgMs91rbDapE/RNIfnJsA==",
      "requires": {
        "end-of-stream": "1.4.1",
        "inherits": "2.0.3",
        "readable-stream": "2.3.6",
        "stream-shift": "1.0.0"
      }
    },
    "end-of-stream": {
      "version": "1.4.1",
      "resolved": "https://registry.npmjs.org/end-of-stream/-/end-of-stream-1.4.1.tgz",
      "integrity": "sha512-1MkrZNvWTKCaigbn+W15elq2BB/L22nqrSY5DKlo3X6+vclJm8Bb5djXJBmEX6fS3+zCh/F4VBK5Z2KxJt4s2Q==",
      "requires": {
        "once": "1.4.0"
      }
    },
    "events": {
      "version": "1.1.1",
      "resolved": "https://registry.npmjs.org/events/-/events-1.1.1.tgz",
      "integrity": "sha1-nr23Y1rQmccNzEwqH1AEKI6L2SQ="
    },
    "extend": {
      "version": "3.0.1",
      "resolved": "https://registry.npmjs.org/extend/-/extend-3.0.1.tgz",
      "integrity": "sha1-p1Xqe8Gt/MWjHOfnYtuq3F5jZEQ="
    },
    "form-data": {
      "version": "2.3.2",
      "resolved": "https://registry.npmjs.org/form-data/-/form-data-2.3.2.tgz",
      "integrity": "sha1-SXBJi+YEwgwAXU9cI67NIda0kJk=",
      "requires": {
        "asynckit": "0.4.0",
        "combined-stream": "1.0.6",
        "mime-types": "2.1.18"
      }
    },
    "from2": {
      "version": "2.3.0",
      "resolved": "https://registry.npmjs.org/from2/-/from2-2.3.0.tgz",
      "integrity": "sha1-i/tVAr3kpNNs/e6gB/zKIdfjgq8=",
      "requires": {
        "inherits": "2.0.3",
        "readable-stream": "2.3.6"
      }
    },
    "fs.realpath": {
      "version": "1.0.0",
      "resolved": "https://registry.npmjs.org/fs.realpath/-/fs.realpath-1.0.0.tgz",
      "integrity": "sha1-FQStJSMVjKpA20onh8sBQRmU6k8="
    },
    "get-stream": {
      "version": "3.0.0",
      "resolved": "https://registry.npmjs.org/get-stream/-/get-stream-3.0.0.tgz",
      "integrity": "sha1-jpQ9E1jcN1VQVOy+LtsFqhdO3hQ="
    },
    "glob": {
      "version": "7.1.2",
      "resolved": "https://registry.npmjs.org/glob/-/glob-7.1.2.tgz",
      "integrity": "sha512-MJTUg1kjuLeQCJ+ccE4Vpa6kKVXkPYJ2mOCQyUuKLcLQsdrMCpBPUi8qVE6+YuaJkozeA9NusTAw3hLr8Xe5EQ==",
      "requires": {
        "fs.realpath": "1.0.0",
        "inflight": "1.0.6",
        "inherits": "2.0.3",
        "minimatch": "3.0.4",
        "once": "1.4.0",
        "path-is-absolute": "1.0.1"
      }
    },
    "glob-parent": {
      "version": "3.1.0",
      "resolved": "https://registry.npmjs.org/glob-parent/-/glob-parent-3.1.0.tgz",
      "integrity": "sha1-nmr2KZ2NO9K9QEMIMr0RPfkGxa4=",
      "requires": {
        "is-glob": "3.1.0",
        "path-dirname": "1.0.2"
      }
    },
    "glob-stream": {
      "version": "6.1.0",
      "resolved": "https://registry.npmjs.org/glob-stream/-/glob-stream-6.1.0.tgz",
      "integrity": "sha1-cEXJlBOz65SIjYOrRtC0BMx73eQ=",
      "requires": {
        "extend": "3.0.1",
        "glob": "7.1.2",
        "glob-parent": "3.1.0",
        "is-negated-glob": "1.0.0",
        "ordered-read-streams": "1.0.1",
        "pumpify": "1.4.0",
        "readable-stream": "2.3.6",
        "remove-trailing-separator": "1.1.0",
        "to-absolute-glob": "2.0.2",
        "unique-stream": "2.2.1"
      }
    },
    "got": {
      "version": "8.3.0",
      "resolved": "https://registry.npmjs.org/got/-/got-8.3.0.tgz",
      "integrity": "sha512-kBNy/S2CGwrYgDSec5KTWGKUvupwkkTVAjIsVFF2shXO13xpZdFP4d4kxa//CLX2tN/rV0aYwK8vY6UKWGn2vQ==",
      "requires": {
        "@sindresorhus/is": "0.7.0",
        "cacheable-request": "2.1.4",
        "decompress-response": "3.3.0",
        "duplexer3": "0.1.4",
        "get-stream": "3.0.0",
        "into-stream": "3.1.0",
        "is-retry-allowed": "1.1.0",
        "isurl": "1.0.0",
        "lowercase-keys": "1.0.1",
        "mimic-response": "1.0.0",
        "p-cancelable": "0.4.1",
        "p-timeout": "2.0.1",
        "pify": "3.0.0",
        "safe-buffer": "5.1.1",
        "timed-out": "4.0.1",
        "url-parse-lax": "3.0.0",
        "url-to-options": "1.0.1"
      }
    },
    "has-symbol-support-x": {
      "version": "1.4.2",
      "resolved": "https://registry.npmjs.org/has-symbol-support-x/-/has-symbol-support-x-1.4.2.tgz",
      "integrity": "sha512-3ToOva++HaW+eCpgqZrCfN51IPB+7bJNVT6CUATzueB5Heb8o6Nam0V3HG5dlDvZU1Gn5QLcbahiKw/XVk5JJw=="
    },
    "has-to-string-tag-x": {
      "version": "1.4.1",
      "resolved": "https://registry.npmjs.org/has-to-string-tag-x/-/has-to-string-tag-x-1.4.1.tgz",
      "integrity": "sha512-vdbKfmw+3LoOYVr+mtxHaX5a96+0f3DljYd8JOqvOLsf5mw2Otda2qCDT9qRqLAhrjyQ0h7ual5nOiASpsGNFw==",
      "requires": {
        "has-symbol-support-x": "1.4.2"
      }
    },
    "help-me": {
      "version": "1.1.0",
      "resolved": "https://registry.npmjs.org/help-me/-/help-me-1.1.0.tgz",
      "integrity": "sha1-jy1QjQYAtKRW2i8IZVbn5cBWo8Y=",
      "requires": {
        "callback-stream": "1.1.0",
        "glob-stream": "6.1.0",
        "through2": "2.0.3",
        "xtend": "4.0.1"
      }
    },
    "http-cache-semantics": {
      "version": "3.8.1",
      "resolved": "https://registry.npmjs.org/http-cache-semantics/-/http-cache-semantics-3.8.1.tgz",
      "integrity": "sha512-5ai2iksyV8ZXmnZhHH4rWPoxxistEexSi5936zIQ1bnNTW5VnA85B6P/VpXiRM017IgRvb2kKo1a//y+0wSp3w=="
    },
    "ieee754": {
      "version": "1.1.8",
      "resolved": "https://registry.npmjs.org/ieee754/-/ieee754-1.1.8.tgz",
      "integrity": "sha1-vjPUCsEO8ZJnAfbwii2G+/0a0+Q="
    },
    "inflight": {
      "version": "1.0.6",
      "resolved": "https://registry.npmjs.org/inflight/-/inflight-1.0.6.tgz",
      "integrity": "sha1-Sb1jMdfQLQwJvJEKEHW6gWW1bfk=",
      "requires": {
        "once": "1.4.0",
        "wrappy": "1.0.2"
      }
    },
    "inherits": {
      "version": "2.0.3",
      "resolved": "https://registry.npmjs.org/inherits/-/inherits-2.0.3.tgz",
      "integrity": "sha1-Yzwsg+PaQqUC9SRmAiSA9CCCYd4="
    },
    "into-stream": {
      "version": "3.1.0",
      "resolved": "https://registry.npmjs.org/into-stream/-/into-stream-3.1.0.tgz",
      "integrity": "sha1-lvsKk2wSur1v8XUqF9BWFqvQlMY=",
      "requires": {
        "from2": "2.3.0",
        "p-is-promise": "1.1.0"
      }
    },
    "is-absolute": {
      "version": "1.0.0",
      "resolved": "https://registry.npmjs.org/is-absolute/-/is-absolute-1.0.0.tgz",
      "integrity": "sha512-dOWoqflvcydARa360Gvv18DZ/gRuHKi2NU/wU5X1ZFzdYfH29nkiNZsF3mp4OJ3H4yo9Mx8A/uAGNzpzPN3yBA==",
      "requires": {
        "is-relative": "1.0.0",
        "is-windows": "1.0.2"
      }
    },
    "is-extglob": {
      "version": "2.1.1",
      "resolved": "https://registry.npmjs.org/is-extglob/-/is-extglob-2.1.1.tgz",
      "integrity": "sha1-qIwCU1eR8C7TfHahueqXc8gz+MI="
    },
    "is-glob": {
      "version": "3.1.0",
      "resolved": "https://registry.npmjs.org/is-glob/-/is-glob-3.1.0.tgz",
      "integrity": "sha1-e6WuJCF4BKxwcHuWkiVnSGzD6Eo=",
      "requires": {
        "is-extglob": "2.1.1"
      }
    },
    "is-negated-glob": {
      "version": "1.0.0",
      "resolved": "https://registry.npmjs.org/is-negated-glob/-/is-negated-glob-1.0.0.tgz",
      "integrity": "sha1-aRC8pdqMleeEtXUbl2z1oQ/uNtI="
    },
    "is-object": {
      "version": "1.0.1",
      "resolved": "https://registry.npmjs.org/is-object/-/is-object-1.0.1.tgz",
      "integrity": "sha1-iVJojF7C/9awPsyF52ngKQMINHA="
    },
    "is-plain-obj": {
      "version": "1.1.0",
      "resolved": "https://registry.npmjs.org/is-plain-obj/-/is-plain-obj-1.1.0.tgz",
      "integrity": "sha1-caUMhCnfync8kqOQpKA7OfzVHT4="
    },
    "is-relative": {
      "version": "1.0.0",
      "resolved": "https://registry.npmjs.org/is-relative/-/is-relative-1.0.0.tgz",
      "integrity": "sha512-Kw/ReK0iqwKeu0MITLFuj0jbPAmEiOsIwyIXvvbfa6QfmN9pkD1M+8pdk7Rl/dTKbH34/XBFMbgD4iMJhLQbGA==",
      "requires": {
        "is-unc-path": "1.0.0"
      }
    },
    "is-retry-allowed": {
      "version": "1.1.0",
      "resolved": "https://registry.npmjs.org/is-retry-allowed/-/is-retry-allowed-1.1.0.tgz",
      "integrity": "sha1-EaBgVotnM5REAz0BJaYaINVk+zQ="
    },
    "is-unc-path": {
      "version": "1.0.0",
      "resolved": "https://registry.npmjs.org/is-unc-path/-/is-unc-path-1.0.0.tgz",
      "integrity": "sha512-mrGpVd0fs7WWLfVsStvgF6iEJnbjDFZh9/emhRDcGWTduTfNHd9CHeUwH3gYIjdbwo4On6hunkztwOaAw0yllQ==",
      "requires": {
        "unc-path-regex": "0.1.2"
      }
    },
    "is-windows": {
      "version": "1.0.2",
      "resolved": "https://registry.npmjs.org/is-windows/-/is-windows-1.0.2.tgz",
      "integrity": "sha512-eXK1UInq2bPmjyX6e3VHIzMLobc4J94i4AWn+Hpq3OU5KkrRC96OAcR3PRJ/pGu6m8TRnBHP9dkXQVsT/COVIA=="
    },
    "is-wsl": {
      "version": "1.1.0",
      "resolved": "https://registry.npmjs.org/is-wsl/-/is-wsl-1.1.0.tgz",
      "integrity": "sha1-HxbkqiKwTRM2tmGIpmrzxgDDpm0="
    },
    "isarray": {
      "version": "1.0.0",
      "resolved": "https://registry.npmjs.org/isarray/-/isarray-1.0.0.tgz",
      "integrity": "sha1-u5NdSFgsuhaMBoNJV6VKPgcSTxE="
    },
    "isurl": {
      "version": "1.0.0",
      "resolved": "https://registry.npmjs.org/isurl/-/isurl-1.0.0.tgz",
      "integrity": "sha512-1P/yWsxPlDtn7QeRD+ULKQPaIaN6yF368GZ2vDfv0AL0NwpStafjWCDDdn0k8wgFMWpVAqG7oJhxHnlud42i9w==",
      "requires": {
        "has-to-string-tag-x": "1.4.1",
        "is-object": "1.0.1"
      }
    },
    "jmespath": {
      "version": "0.15.0",
      "resolved": "https://registry.npmjs.org/jmespath/-/jmespath-0.15.0.tgz",
      "integrity": "sha1-o/Iiqarp+Wb10nx5ZRDigJF2Qhc="
    },
    "json-buffer": {
      "version": "3.0.0",
      "resolved": "https://registry.npmjs.org/json-buffer/-/json-buffer-3.0.0.tgz",
      "integrity": "sha1-Wx85evx11ne96Lz8Dkfh+aPZqJg="
    },
    "json-stable-stringify": {
      "version": "1.0.1",
      "resolved": "https://registry.npmjs.org/json-stable-stringify/-/json-stable-stringify-1.0.1.tgz",
      "integrity": "sha1-mnWdOcXy/1A/1TAGRu1EX4jE+a8=",
      "requires": {
        "jsonify": "0.0.0"
      }
    },
    "jsonify": {
      "version": "0.0.0",
      "resolved": "https://registry.npmjs.org/jsonify/-/jsonify-0.0.0.tgz",
      "integrity": "sha1-LHS27kHZPKUbe1qu6PUDYx0lKnM="
    },
    "keyv": {
      "version": "3.0.0",
      "resolved": "https://registry.npmjs.org/keyv/-/keyv-3.0.0.tgz",
      "integrity": "sha512-eguHnq22OE3uVoSYG0LVWNP+4ppamWr9+zWBe1bsNcovIMy6huUJFPgy4mGwCd/rnl3vOLGW1MTlu4c57CT1xA==",
      "requires": {
        "json-buffer": "3.0.0"
      }
    },
    "leven": {
      "version": "1.0.2",
      "resolved": "https://registry.npmjs.org/leven/-/leven-1.0.2.tgz",
      "integrity": "sha1-kUS27ryl8dBoAWnxpncNzqYLdcM="
    },
    "lighthouse-logger": {
      "version": "1.0.1",
      "resolved": "https://registry.npmjs.org/lighthouse-logger/-/lighthouse-logger-1.0.1.tgz",
      "integrity": "sha1-8HPYP3rLyWcpvxAKEhyPAGmRrmE=",
      "requires": {
        "debug": "2.6.9"
      }
    },
    "lodash": {
      "version": "4.17.5",
      "resolved": "https://registry.npmjs.org/lodash/-/lodash-4.17.5.tgz",
      "integrity": "sha512-svL3uiZf1RwhH+cWrfZn3A4+U58wbP0tGVTLQPbjplZxZ8ROD9VLuNgsRniTlLe7OlSqR79RUehXgpBW/s0IQw=="
    },
    "lowercase-keys": {
      "version": "1.0.1",
      "resolved": "https://registry.npmjs.org/lowercase-keys/-/lowercase-keys-1.0.1.tgz",
      "integrity": "sha512-G2Lj61tXDnVFFOi8VZds+SoQjtQC3dgokKdDG2mTm1tx4m50NUHBOZSBwQQHyy0V12A0JTG4icfZQH+xPyh8VA=="
    },
    "mime-db": {
      "version": "1.33.0",
      "resolved": "https://registry.npmjs.org/mime-db/-/mime-db-1.33.0.tgz",
      "integrity": "sha512-BHJ/EKruNIqJf/QahvxwQZXKygOQ256myeN/Ew+THcAa5q+PjyTTMMeNQC4DZw5AwfvelsUrA6B67NKMqXDbzQ=="
    },
    "mime-types": {
      "version": "2.1.18",
      "resolved": "https://registry.npmjs.org/mime-types/-/mime-types-2.1.18.tgz",
      "integrity": "sha512-lc/aahn+t4/SWV/qcmumYjymLsWfN3ELhpmVuUFjgsORruuZPVSwAQryq+HHGvO/SI2KVX26bx+En+zhM8g8hQ==",
      "requires": {
        "mime-db": "1.33.0"
      }
    },
    "mimic-response": {
      "version": "1.0.0",
      "resolved": "https://registry.npmjs.org/mimic-response/-/mimic-response-1.0.0.tgz",
      "integrity": "sha1-3z02Uqc/3ta5sLJBRub9BSNTRY4="
    },
    "minimatch": {
      "version": "3.0.4",
      "resolved": "https://registry.npmjs.org/minimatch/-/minimatch-3.0.4.tgz",
      "integrity": "sha512-yJHVQEhyqPLUTgt9B83PXu6W3rx4MvvHvSUvToogpwoGDOUQ+yDrR0HRot+yOCdCO7u4hX3pWft6kWBBcqh0UA==",
      "requires": {
        "brace-expansion": "1.1.11"
      }
    },
    "minimist": {
      "version": "0.0.8",
      "resolved": "https://registry.npmjs.org/minimist/-/minimist-0.0.8.tgz",
      "integrity": "sha1-hX/Kv8M5fSYluCKCYuhqp6ARsF0="
    },
    "mkdirp": {
      "version": "0.5.1",
      "resolved": "https://registry.npmjs.org/mkdirp/-/mkdirp-0.5.1.tgz",
      "integrity": "sha1-MAV0OOrGz3+MR2fzhkjWaX11yQM=",
      "requires": {
        "minimist": "0.0.8"
      }
    },
    "mqtt": {
      "version": "2.17.0",
      "resolved": "https://registry.npmjs.org/mqtt/-/mqtt-2.17.0.tgz",
      "integrity": "sha512-eYeK5G/GQcdP/AOrGQMUULX7QvBXt3I9bfmgNkzMTsdSR1ywJQhK1iCYPrhh+rtRl3eUSJwEbO+oZx/Q51uHaw==",
      "requires": {
        "commist": "1.0.0",
        "concat-stream": "1.6.2",
        "end-of-stream": "1.4.1",
        "help-me": "1.1.0",
        "inherits": "2.0.3",
        "minimist": "1.2.0",
        "mqtt-packet": "5.5.0",
        "pump": "3.0.0",
        "readable-stream": "2.3.6",
        "reinterval": "1.1.0",
        "split2": "2.2.0",
        "websocket-stream": "5.1.2",
        "xtend": "4.0.1"
      },
      "dependencies": {
        "concat-stream": {
          "version": "1.6.2",
          "resolved": "https://registry.npmjs.org/concat-stream/-/concat-stream-1.6.2.tgz",
          "integrity": "sha512-27HBghJxjiZtIk3Ycvn/4kbJk/1uZuJFfuPEns6LaEvpvG1f0hTea8lilrouyo9mVc2GWdcEZ8OLoGmSADlrCw==",
          "requires": {
            "buffer-from": "1.0.0",
            "inherits": "2.0.3",
            "readable-stream": "2.3.6",
            "typedarray": "0.0.6"
          }
        },
        "minimist": {
          "version": "1.2.0",
          "resolved": "https://registry.npmjs.org/minimist/-/minimist-1.2.0.tgz",
          "integrity": "sha1-o1AIsg9BOD7sH7kU9M1d95omQoQ="
        }
      }
    },
    "mqtt-packet": {
      "version": "5.5.0",
      "resolved": "https://registry.npmjs.org/mqtt-packet/-/mqtt-packet-5.5.0.tgz",
      "integrity": "sha512-kR+Uw+r9rjUFSLZutmaAhjL4Y1asKLMTwE++PP0iuApJuc+zItE5v2LluQN2K3Pri5e2+K4V++QDjqGTgle/+A==",
      "requires": {
        "bl": "1.2.2",
        "inherits": "2.0.3",
        "process-nextick-args": "2.0.0",
        "safe-buffer": "5.1.1"
      }
    },
    "ms": {
      "version": "2.0.0",
      "resolved": "https://registry.npmjs.org/ms/-/ms-2.0.0.tgz",
      "integrity": "sha1-VgiurfwAvmwpAd9fmGF4jeDVl8g="
    },
    "normalize-url": {
      "version": "2.0.1",
      "resolved": "https://registry.npmjs.org/normalize-url/-/normalize-url-2.0.1.tgz",
      "integrity": "sha512-D6MUW4K/VzoJ4rJ01JFKxDrtY1v9wrgzCX5f2qj/lzH1m/lW6MhUZFKerVsnyjOhOsYzI9Kqqak+10l4LvLpMw==",
      "requires": {
        "prepend-http": "2.0.0",
        "query-string": "5.1.1",
        "sort-keys": "2.0.0"
      }
    },
    "object-assign": {
      "version": "4.1.1",
      "resolved": "https://registry.npmjs.org/object-assign/-/object-assign-4.1.1.tgz",
      "integrity": "sha1-IQmtx5ZYh8/AXLvUQsrIv7s2CGM="
    },
    "once": {
      "version": "1.4.0",
      "resolved": "https://registry.npmjs.org/once/-/once-1.4.0.tgz",
      "integrity": "sha1-WDsap3WWHUsROsF9nFC6753Xa9E=",
      "requires": {
        "wrappy": "1.0.2"
      }
    },
    "ordered-read-streams": {
      "version": "1.0.1",
      "resolved": "https://registry.npmjs.org/ordered-read-streams/-/ordered-read-streams-1.0.1.tgz",
      "integrity": "sha1-d8DLN8QVJdZBZtmQ/61+xqDhNj4=",
      "requires": {
        "readable-stream": "2.3.6"
      }
    },
    "p-cancelable": {
      "version": "0.4.1",
      "resolved": "https://registry.npmjs.org/p-cancelable/-/p-cancelable-0.4.1.tgz",
      "integrity": "sha512-HNa1A8LvB1kie7cERyy21VNeHb2CWJJYqyyC2o3klWFfMGlFmWv2Z7sFgZH8ZiaYL95ydToKTFVXgMV/Os0bBQ=="
    },
    "p-finally": {
      "version": "1.0.0",
      "resolved": "https://registry.npmjs.org/p-finally/-/p-finally-1.0.0.tgz",
      "integrity": "sha1-P7z7FbiZpEEjs0ttzBi3JDNqLK4="
    },
    "p-is-promise": {
      "version": "1.1.0",
      "resolved": "https://registry.npmjs.org/p-is-promise/-/p-is-promise-1.1.0.tgz",
      "integrity": "sha1-nJRWmJ6fZYgBewQ01WCXZ1w9oF4="
    },
    "p-timeout": {
      "version": "2.0.1",
      "resolved": "https://registry.npmjs.org/p-timeout/-/p-timeout-2.0.1.tgz",
      "integrity": "sha512-88em58dDVB/KzPEx1X0N3LwFfYZPyDc4B6eF38M1rk9VTZMbxXXgjugz8mmwpS9Ox4BDZ+t6t3QP5+/gazweIA==",
      "requires": {
        "p-finally": "1.0.0"
      }
    },
    "path-dirname": {
      "version": "1.0.2",
      "resolved": "https://registry.npmjs.org/path-dirname/-/path-dirname-1.0.2.tgz",
      "integrity": "sha1-zDPSTVJeCZpTiMAzbG4yuRYGCeA="
    },
    "path-is-absolute": {
      "version": "1.0.1",
      "resolved": "https://registry.npmjs.org/path-is-absolute/-/path-is-absolute-1.0.1.tgz",
      "integrity": "sha1-F0uSaHNVNP+8es5r9TpanhtcX18="
    },
    "pify": {
      "version": "3.0.0",
      "resolved": "https://registry.npmjs.org/pify/-/pify-3.0.0.tgz",
      "integrity": "sha1-5aSs0sEB/fPZpNB/DbxNtJ3SgXY="
    },
    "prepend-http": {
      "version": "2.0.0",
      "resolved": "https://registry.npmjs.org/prepend-http/-/prepend-http-2.0.0.tgz",
      "integrity": "sha1-6SQ0v6XqjBn0HN/UAddBo8gZ2Jc="
    },
    "process-nextick-args": {
      "version": "2.0.0",
      "resolved": "https://registry.npmjs.org/process-nextick-args/-/process-nextick-args-2.0.0.tgz",
      "integrity": "sha512-MtEC1TqN0EU5nephaJ4rAtThHtC86dNN9qCuEhtshvpVBkAW5ZO7BASN9REnF9eoXGcRub+pFuKEpOHE+HbEMw=="
    },
    "pump": {
      "version": "3.0.0",
      "resolved": "https://registry.npmjs.org/pump/-/pump-3.0.0.tgz",
      "integrity": "sha512-LwZy+p3SFs1Pytd/jYct4wpv49HiYCqd9Rlc5ZVdk0V+8Yzv6jR5Blk3TRmPL1ft69TxP0IMZGJ+WPFU2BFhww==",
      "requires": {
        "end-of-stream": "1.4.1",
        "once": "1.4.0"
      }
    },
    "pumpify": {
      "version": "1.4.0",
      "resolved": "https://registry.npmjs.org/pumpify/-/pumpify-1.4.0.tgz",
      "integrity": "sha512-2kmNR9ry+Pf45opRVirpNuIFotsxUGLaYqxIwuR77AYrYRMuFCz9eryHBS52L360O+NcR383CL4QYlMKPq4zYA==",
      "requires": {
        "duplexify": "3.5.4",
        "inherits": "2.0.3",
        "pump": "2.0.1"
      },
      "dependencies": {
        "pump": {
          "version": "2.0.1",
          "resolved": "https://registry.npmjs.org/pump/-/pump-2.0.1.tgz",
          "integrity": "sha512-ruPMNRkN3MHP1cWJc9OWr+T/xDP0jhXYCLfJcBuX54hhfIBnaQmAUMfDcG4DM5UMWByBbJY69QSphm3jtDKIkA==",
          "requires": {
            "end-of-stream": "1.4.1",
            "once": "1.4.0"
          }
        }
      }
    },
    "query-string": {
      "version": "5.1.1",
      "resolved": "https://registry.npmjs.org/query-string/-/query-string-5.1.1.tgz",
      "integrity": "sha512-gjWOsm2SoGlgLEdAGt7a6slVOk9mGiXmPFMqrEhLQ68rhQuBnpfs3+EmlvqKyxnCo9/PPlF+9MtY02S1aFg+Jw==",
      "requires": {
        "decode-uri-component": "0.2.0",
        "object-assign": "4.1.1",
        "strict-uri-encode": "1.1.0"
      }
    },
    "querystring": {
      "version": "0.2.0",
      "resolved": "https://registry.npmjs.org/querystring/-/querystring-0.2.0.tgz",
      "integrity": "sha1-sgmEkgO7Jd+CDadW50cAWHhSFiA="
    },
    "readable-stream": {
      "version": "2.3.6",
      "resolved": "https://registry.npmjs.org/readable-stream/-/readable-stream-2.3.6.tgz",
      "integrity": "sha512-tQtKA9WIAhBF3+VLAseyMqZeBjW0AHJoxOtYqSUZNJxauErmLbVm2FW1y+J/YA9dUrAC39ITejlZWhVIwawkKw==",
      "requires": {
        "core-util-is": "1.0.2",
        "inherits": "2.0.3",
        "isarray": "1.0.0",
        "process-nextick-args": "2.0.0",
        "safe-buffer": "5.1.1",
        "string_decoder": "1.1.1",
        "util-deprecate": "1.0.2"
      },
      "dependencies": {
        "string_decoder": {
          "version": "1.1.1",
          "resolved": "https://registry.npmjs.org/string_decoder/-/string_decoder-1.1.1.tgz",
          "integrity": "sha512-n/ShnvDi6FHbbVfviro+WojiFzv+s8MPMHBczVePfUpDJLwoLT0ht1l4YwBCbi8pJAveEEdnkHyPyTP/mzRfwg==",
          "requires": {
            "safe-buffer": "5.1.1"
          }
        }
      }
    },
    "reinterval": {
      "version": "1.1.0",
      "resolved": "https://registry.npmjs.org/reinterval/-/reinterval-1.1.0.tgz",
      "integrity": "sha1-M2Hs+jymwYKDOA3Qu5VG85D17Oc="
    },
    "remove-trailing-separator": {
      "version": "1.1.0",
      "resolved": "https://registry.npmjs.org/remove-trailing-separator/-/remove-trailing-separator-1.1.0.tgz",
      "integrity": "sha1-wkvOKig62tW8P1jg1IJJuSN52O8="
    },
    "responselike": {
      "version": "1.0.2",
      "resolved": "https://registry.npmjs.org/responselike/-/responselike-1.0.2.tgz",
      "integrity": "sha1-kYcg7ztjHFZCvgaPFa3lpG9Loec=",
      "requires": {
        "lowercase-keys": "1.0.1"
      }
    },
    "rimraf": {
      "version": "2.6.2",
      "resolved": "https://registry.npmjs.org/rimraf/-/rimraf-2.6.2.tgz",
      "integrity": "sha512-lreewLK/BlghmxtfH36YYVg1i8IAce4TI7oao75I1g245+6BctqTVQiBP3YUJ9C6DQOXJmkYR9X9fCLtCOJc5w==",
      "requires": {
        "glob": "7.1.2"
      }
    },
    "safe-buffer": {
      "version": "5.1.1",
      "resolved": "https://registry.npmjs.org/safe-buffer/-/safe-buffer-5.1.1.tgz",
      "integrity": "sha512-kKvNJn6Mm93gAczWVJg7wH+wGYWNrDHdWvpUmHyEsgCtIwwo3bqPtV4tR5tuPaUhTOo/kvhVwd8XwwOllGYkbg=="
    },
    "sort-keys": {
      "version": "2.0.0",
      "resolved": "https://registry.npmjs.org/sort-keys/-/sort-keys-2.0.0.tgz",
      "integrity": "sha1-ZYU1WEhh7JfXMNbPQYIuH1ZoQSg=",
      "requires": {
        "is-plain-obj": "1.1.0"
      }
    },
    "split2": {
      "version": "2.2.0",
      "resolved": "https://registry.npmjs.org/split2/-/split2-2.2.0.tgz",
      "integrity": "sha512-RAb22TG39LhI31MbreBgIuKiIKhVsawfTgEGqKHTK87aG+ul/PB8Sqoi3I7kVdRWiCfrKxK3uo4/YUkpNvhPbw==",
      "requires": {
        "through2": "2.0.3"
      }
    },
    "stream-shift": {
      "version": "1.0.0",
      "resolved": "https://registry.npmjs.org/stream-shift/-/stream-shift-1.0.0.tgz",
      "integrity": "sha1-1cdSgl5TZ+eG944Y5EXqIjoVWVI="
    },
    "strict-uri-encode": {
      "version": "1.1.0",
      "resolved": "https://registry.npmjs.org/strict-uri-encode/-/strict-uri-encode-1.1.0.tgz",
      "integrity": "sha1-J5siXfHVgrH1TmWt3UNS4Y+qBxM="
    },
    "through2": {
      "version": "2.0.3",
      "resolved": "https://registry.npmjs.org/through2/-/through2-2.0.3.tgz",
      "integrity": "sha1-AARWmzfHx0ujnEPzzteNGtlBQL4=",
      "requires": {
        "readable-stream": "2.3.6",
        "xtend": "4.0.1"
      }
    },
    "through2-filter": {
      "version": "2.0.0",
      "resolved": "https://registry.npmjs.org/through2-filter/-/through2-filter-2.0.0.tgz",
      "integrity": "sha1-YLxVoNrLdghdsfna6Zq0P4PWIuw=",
      "requires": {
        "through2": "2.0.3",
        "xtend": "4.0.1"
      }
    },
    "timed-out": {
      "version": "4.0.1",
      "resolved": "https://registry.npmjs.org/timed-out/-/timed-out-4.0.1.tgz",
      "integrity": "sha1-8y6srFoXW+ol1/q1Zas+2HQe9W8="
    },
    "to-absolute-glob": {
      "version": "2.0.2",
      "resolved": "https://registry.npmjs.org/to-absolute-glob/-/to-absolute-glob-2.0.2.tgz",
      "integrity": "sha1-GGX0PZ50sIItufFFt4z/fQ98hJs=",
      "requires": {
        "is-absolute": "1.0.0",
        "is-negated-glob": "1.0.0"
      }
    },
    "typedarray": {
      "version": "0.0.6",
      "resolved": "https://registry.npmjs.org/typedarray/-/typedarray-0.0.6.tgz",
      "integrity": "sha1-hnrHTjhkGHsdPUfZlqeOxciDB3c="
    },
    "ultron": {
      "version": "1.1.1",
      "resolved": "https://registry.npmjs.org/ultron/-/ultron-1.1.1.tgz",
      "integrity": "sha512-UIEXBNeYmKptWH6z8ZnqTeS8fV74zG0/eRU9VGkpzz+LIJNs8W/zM/L+7ctCkRrgbNnnR0xxw4bKOr0cW0N0Og=="
    },
    "unc-path-regex": {
      "version": "0.1.2",
      "resolved": "https://registry.npmjs.org/unc-path-regex/-/unc-path-regex-0.1.2.tgz",
      "integrity": "sha1-5z3T17DXxe2G+6xrCufYxqadUPo="
    },
    "unique-stream": {
      "version": "2.2.1",
      "resolved": "https://registry.npmjs.org/unique-stream/-/unique-stream-2.2.1.tgz",
      "integrity": "sha1-WqADz76Uxf+GbE59ZouxxNuts2k=",
      "requires": {
        "json-stable-stringify": "1.0.1",
        "through2-filter": "2.0.0"
      }
    },
    "url": {
      "version": "0.10.3",
      "resolved": "https://registry.npmjs.org/url/-/url-0.10.3.tgz",
      "integrity": "sha1-Ah5NnHcF8hu/N9A861h2dAJ3TGQ=",
      "requires": {
        "punycode": "1.3.2",
        "querystring": "0.2.0"
      },
      "dependencies": {
        "punycode": {
          "version": "1.3.2",
          "resolved": "https://registry.npmjs.org/punycode/-/punycode-1.3.2.tgz",
          "integrity": "sha1-llOgNvt8HuQjQvIyXM7v6jkmxI0="
        }
      }
    },
    "url-parse-lax": {
      "version": "3.0.0",
      "resolved": "https://registry.npmjs.org/url-parse-lax/-/url-parse-lax-3.0.0.tgz",
      "integrity": "sha1-FrXK/Afb42dsGxmZF3gj1lA6yww=",
      "requires": {
        "prepend-http": "2.0.0"
      }
    },
    "url-to-options": {
      "version": "1.0.1",
      "resolved": "https://registry.npmjs.org/url-to-options/-/url-to-options-1.0.1.tgz",
      "integrity": "sha1-FQWgOiiaSMvXpDTvuu7FBV9WM6k="
    },
    "util-deprecate": {
      "version": "1.0.2",
      "resolved": "https://registry.npmjs.org/util-deprecate/-/util-deprecate-1.0.2.tgz",
      "integrity": "sha1-RQ1Nyfpw3nMnYvvS1KKJgUGaDM8="
    },
    "websocket-stream": {
      "version": "5.1.2",
      "resolved": "https://registry.npmjs.org/websocket-stream/-/websocket-stream-5.1.2.tgz",
      "integrity": "sha512-lchLOk435iDWs0jNuL+hiU14i3ERSrMA0IKSiJh7z6X/i4XNsutBZrtqu2CPOZuA4G/zabiqVAos0vW+S7GEVw==",
      "requires": {
        "duplexify": "3.5.4",
        "inherits": "2.0.3",
        "readable-stream": "2.3.6",
        "safe-buffer": "5.1.1",
        "ws": "3.3.3",
        "xtend": "4.0.1"
      }
    },
    "wrappy": {
      "version": "1.0.2",
      "resolved": "https://registry.npmjs.org/wrappy/-/wrappy-1.0.2.tgz",
      "integrity": "sha1-tSQ9jz7BqjXxNkYFvA0QNuMKtp8="
    },
    "ws": {
      "version": "3.3.3",
      "resolved": "https://registry.npmjs.org/ws/-/ws-3.3.3.tgz",
      "integrity": "sha512-nnWLa/NwZSt4KQJu51MYlCcSQ5g7INpOrOMt4XV8j4dqTXdmlUmSHQ8/oLC069ckre0fRsgfvsKwbTdtKLCDkA==",
      "requires": {
        "async-limiter": "1.0.0",
        "safe-buffer": "5.1.1",
        "ultron": "1.1.1"
      }
    },
    "xtend": {
      "version": "4.0.1",
      "resolved": "https://registry.npmjs.org/xtend/-/xtend-4.0.1.tgz",
      "integrity": "sha1-pcbVMr5lbiPbgg77lDofBJmNY68="
    }
  }
}
